
Microsoft Visual Studio Solution File, Format Version 12.00
Project("{FAE04EC0-301F-11D3-BF4B-00C04F79EFBC}") = "Velvetech.Identity.API", "Velvetech.Identity.API\Velvetech.Identity.API.csproj", "{8BDB3082-9013-44BF-8BCD-DB28E4641CCC}"
EndProject
Global
	GlobalSection(SolutionConfigurationPlatforms) = preSolution
		Debug|Any CPU = Debug|Any CPU
		Release|Any CPU = Release|Any CPU
	EndGlobalSection
	GlobalSection(ProjectConfigurationPlatforms) = postSolution
		{8BDB3082-9013-44BF-8BCD-DB28E4641CCC}.Debug|Any CPU.ActiveCfg = Debug|Any CPU
		{8BDB3082-9013-44BF-8BCD-DB28E4641CCC}.Debug|Any CPU.Build.0 = Debug|Any CPU
		{8BDB3082-9013-44BF-8BCD-DB28E4641CCC}.Release|Any CPU.ActiveCfg = Release|Any CPU
		{8BDB3082-9013-44BF-8BCD-DB28E4641CCC}.Release|Any CPU.Build.0 = Release|Any CPU
	EndGlobalSection
EndGlobal
